
Microsoft Visual Studio Solution File, Format Version 12.00
# Visual Studio 14
VisualStudioVersion = 14.0.24720.0
MinimumVisualStudioVersion = 10.0.40219.1
Project("{FAE04EC0-301F-11D3-BF4B-00C04F79EFBC}") = "ReversAString", "..\Projects\Week02\ReversAString\ReversAString.csproj", "{C89FD02A-4265-4088-AB8F-CCEC04B438DC}"
EndProject
Project("{FAE04EC0-301F-11D3-BF4B-00C04F79EFBC}") = "InflateRectangle", "..\Projects\Week02\InflateRectangle\InflateRectangle.csproj", "{AEC87C62-30CF-4078-9E39-DBC1C0B98B92}"
EndProject
Project("{FAE04EC0-301F-11D3-BF4B-00C04F79EFBC}") = "SearchInList", "..\Projects\Week02\SearchInList\SearchInList.csproj", "{AC7C8F62-E473-4409-98F3-4F50DC8847C4}"
EndProject
Project("{FAE04EC0-301F-11D3-BF4B-00C04F79EFBC}") = "JoiningStrings", "..\Projects\Week02\JoiningStrings\JoiningStrings.csproj", "{96B27F0E-0DDD-499D-A23D-7DF615D972D2}"
EndProject
Project("{FAE04EC0-301F-11D3-BF4B-00C04F79EFBC}") = "FactorialGenerator", "..\Projects\Week02\FactorialGenerator\FactorialGenerator.csproj", "{CF75420C-2DED-456A-A437-956DE7D6C116}"
EndProject
Project("{FAE04EC0-301F-11D3-BF4B-00C04F79EFBC}") = "DirectoryTraversal", "..\Projects\Week02\DirectoryTraversal\DirectoryTraversal.csproj", "{A82AD84D-4D43-4C04-99EF-C15C422FE688}"
EndProject
Project("{2150E333-8FDC-42A3-9474-1A3956D46DE8}") = "Methods", "Methods", "{D2E62BE3-63E2-4216-A029-A9A95688BC58}"
EndProject
Project("{2150E333-8FDC-42A3-9474-1A3956D46DE8}") = "Methods-2", "Methods-2", "{12C74291-679A-45C8-B8E5-A00EF9BFCD30}"
EndProject
Project("{FAE04EC0-301F-11D3-BF4B-00C04F79EFBC}") = "FridayThe13th", "..\Projects\Week02\FridayThe13th\FridayThe13th.csproj", "{72B8EA21-0BBD-479D-8ABD-07C55653E05C}"
EndProject
Project("{FAE04EC0-301F-11D3-BF4B-00C04F79EFBC}") = "DateSums", "..\Projects\Week02\DateSums\DateSums.csproj", "{325B20E2-947F-49A3-985E-650C3662E7DF}"
EndProject
Project("{FAE04EC0-301F-11D3-BF4B-00C04F79EFBC}") = "1337", "..\Projects\Week02\1337\1337.csproj", "{4C984561-2760-4D73-9D42-49DADAC6CE5F}"
EndProject
Project("{FAE04EC0-301F-11D3-BF4B-00C04F79EFBC}") = "AppointmentsIntersection", "..\Projects\Week02\AppointmentsIntersection\AppointmentsIntersection.csproj", "{D23E232E-A786-48AC-9C8A-AE3ECAF7869E}"
EndProject
Project("{FAE04EC0-301F-11D3-BF4B-00C04F79EFBC}") = "Calendar", "..\Projects\Week02\Calendar\Calendar.csproj", "{F46D3600-F74D-457E-AF69-7676E59FF54E}"
EndProject
Project("{FAE04EC0-301F-11D3-BF4B-00C04F79EFBC}") = "BankAccountBalance", "..\Projects\Week02\BankAccountBalance\BankAccountBalance.csproj", "{380EE070-9A4B-4327-9E00-6A6E027D359E}"
EndProject
Project("{FAE04EC0-301F-11D3-BF4B-00C04F79EFBC}") = "PolygonCircumference", "..\Projects\Week02\PolygonCircumference\PolygonCircumference.csproj", "{2407D44F-1E92-4FED-BBD2-160879460066}"
EndProject
Project("{FAE04EC0-301F-11D3-BF4B-00C04F79EFBC}") = "PolygonArea", "..\Projects\Week02\PolygonArea\PolygonArea.csproj", "{FD5A2775-DABF-45E4-8C4A-5E2FFB8275C2}"
EndProject
Project("{FAE04EC0-301F-11D3-BF4B-00C04F79EFBC}") = "RandomNumbers", "..\Projects\Week02\RandomNumbers\RandomNumbers.csproj", "{898AD187-B5BE-4D81-9A1A-3467BE9A7C52}"
EndProject
Project("{FAE04EC0-301F-11D3-BF4B-00C04F79EFBC}") = "ClockAngle", "..\Projects\Week02\ClockAngle\ClockAngle.csproj", "{7599AE27-6931-4AD7-B106-884C1810C4D3}"
EndProject
Global
	GlobalSection(SolutionConfigurationPlatforms) = preSolution
		Debug|Any CPU = Debug|Any CPU
		Release|Any CPU = Release|Any CPU
	EndGlobalSection
	GlobalSection(ProjectConfigurationPlatforms) = postSolution
		{C89FD02A-4265-4088-AB8F-CCEC04B438DC}.Debug|Any CPU.ActiveCfg = Debug|Any CPU
		{C89FD02A-4265-4088-AB8F-CCEC04B438DC}.Debug|Any CPU.Build.0 = Debug|Any CPU
		{C89FD02A-4265-4088-AB8F-CCEC04B438DC}.Release|Any CPU.ActiveCfg = Release|Any CPU
		{C89FD02A-4265-4088-AB8F-CCEC04B438DC}.Release|Any CPU.Build.0 = Release|Any CPU
		{AEC87C62-30CF-4078-9E39-DBC1C0B98B92}.Debug|Any CPU.ActiveCfg = Debug|Any CPU
		{AEC87C62-30CF-4078-9E39-DBC1C0B98B92}.Debug|Any CPU.Build.0 = Debug|Any CPU
		{AEC87C62-30CF-4078-9E39-DBC1C0B98B92}.Release|Any CPU.ActiveCfg = Release|Any CPU
		{AEC87C62-30CF-4078-9E39-DBC1C0B98B92}.Release|Any CPU.Build.0 = Release|Any CPU
		{AC7C8F62-E473-4409-98F3-4F50DC8847C4}.Debug|Any CPU.ActiveCfg = Debug|Any CPU
		{AC7C8F62-E473-4409-98F3-4F50DC8847C4}.Debug|Any CPU.Build.0 = Debug|Any CPU
		{AC7C8F62-E473-4409-98F3-4F50DC8847C4}.Release|Any CPU.ActiveCfg = Release|Any CPU
		{AC7C8F62-E473-4409-98F3-4F50DC8847C4}.Release|Any CPU.Build.0 = Release|Any CPU
		{96B27F0E-0DDD-499D-A23D-7DF615D972D2}.Debug|Any CPU.ActiveCfg = Debug|Any CPU
		{96B27F0E-0DDD-499D-A23D-7DF615D972D2}.Debug|Any CPU.Build.0 = Debug|Any CPU
		{96B27F0E-0DDD-499D-A23D-7DF615D972D2}.Release|Any CPU.ActiveCfg = Release|Any CPU
		{96B27F0E-0DDD-499D-A23D-7DF615D972D2}.Release|Any CPU.Build.0 = Release|Any CPU
		{CF75420C-2DED-456A-A437-956DE7D6C116}.Debug|Any CPU.ActiveCfg = Debug|Any CPU
		{CF75420C-2DED-456A-A437-956DE7D6C116}.Debug|Any CPU.Build.0 = Debug|Any CPU
		{CF75420C-2DED-456A-A437-956DE7D6C116}.Release|Any CPU.ActiveCfg = Release|Any CPU
		{CF75420C-2DED-456A-A437-956DE7D6C116}.Release|Any CPU.Build.0 = Release|Any CPU
		{A82AD84D-4D43-4C04-99EF-C15C422FE688}.Debug|Any CPU.ActiveCfg = Debug|Any CPU
		{A82AD84D-4D43-4C04-99EF-C15C422FE688}.Debug|Any CPU.Build.0 = Debug|Any CPU
		{A82AD84D-4D43-4C04-99EF-C15C422FE688}.Release|Any CPU.ActiveCfg = Release|Any CPU
		{A82AD84D-4D43-4C04-99EF-C15C422FE688}.Release|Any CPU.Build.0 = Release|Any CPU
		{72B8EA21-0BBD-479D-8ABD-07C55653E05C}.Debug|Any CPU.ActiveCfg = Debug|Any CPU
		{72B8EA21-0BBD-479D-8ABD-07C55653E05C}.Debug|Any CPU.Build.0 = Debug|Any CPU
		{72B8EA21-0BBD-479D-8ABD-07C55653E05C}.Release|Any CPU.ActiveCfg = Release|Any CPU
		{72B8EA21-0BBD-479D-8ABD-07C55653E05C}.Release|Any CPU.Build.0 = Release|Any CPU
		{325B20E2-947F-49A3-985E-650C3662E7DF}.Debug|Any CPU.ActiveCfg = Debug|Any CPU
		{325B20E2-947F-49A3-985E-650C3662E7DF}.Debug|Any CPU.Build.0 = Debug|Any CPU
		{325B20E2-947F-49A3-985E-650C3662E7DF}.Release|Any CPU.ActiveCfg = Release|Any CPU
		{325B20E2-947F-49A3-985E-650C3662E7DF}.Release|Any CPU.Build.0 = Release|Any CPU
		{4C984561-2760-4D73-9D42-49DADAC6CE5F}.Debug|Any CPU.ActiveCfg = Debug|Any CPU
		{4C984561-2760-4D73-9D42-49DADAC6CE5F}.Debug|Any CPU.Build.0 = Debug|Any CPU
		{4C984561-2760-4D73-9D42-49DADAC6CE5F}.Release|Any CPU.ActiveCfg = Release|Any CPU
		{4C984561-2760-4D73-9D42-49DADAC6CE5F}.Release|Any CPU.Build.0 = Release|Any CPU
		{D23E232E-A786-48AC-9C8A-AE3ECAF7869E}.Debug|Any CPU.ActiveCfg = Debug|Any CPU
		{D23E232E-A786-48AC-9C8A-AE3ECAF7869E}.Debug|Any CPU.Build.0 = Debug|Any CPU
		{D23E232E-A786-48AC-9C8A-AE3ECAF7869E}.Release|Any CPU.ActiveCfg = Release|Any CPU
		{D23E232E-A786-48AC-9C8A-AE3ECAF7869E}.Release|Any CPU.Build.0 = Release|Any CPU
		{F46D3600-F74D-457E-AF69-7676E59FF54E}.Debug|Any CPU.ActiveCfg = Debug|Any CPU
		{F46D3600-F74D-457E-AF69-7676E59FF54E}.Debug|Any CPU.Build.0 = Debug|Any CPU
		{F46D3600-F74D-457E-AF69-7676E59FF54E}.Release|Any CPU.ActiveCfg = Release|Any CPU
		{F46D3600-F74D-457E-AF69-7676E59FF54E}.Release|Any CPU.Build.0 = Release|Any CPU
		{380EE070-9A4B-4327-9E00-6A6E027D359E}.Debug|Any CPU.ActiveCfg = Debug|Any CPU
		{380EE070-9A4B-4327-9E00-6A6E027D359E}.Debug|Any CPU.Build.0 = Debug|Any CPU
		{380EE070-9A4B-4327-9E00-6A6E027D359E}.Release|Any CPU.ActiveCfg = Release|Any CPU
		{380EE070-9A4B-4327-9E00-6A6E027D359E}.Release|Any CPU.Build.0 = Release|Any CPU
		{2407D44F-1E92-4FED-BBD2-160879460066}.Debug|Any CPU.ActiveCfg = Debug|Any CPU
		{2407D44F-1E92-4FED-BBD2-160879460066}.Debug|Any CPU.Build.0 = Debug|Any CPU
		{2407D44F-1E92-4FED-BBD2-160879460066}.Release|Any CPU.ActiveCfg = Release|Any CPU
		{2407D44F-1E92-4FED-BBD2-160879460066}.Release|Any CPU.Build.0 = Release|Any CPU
		{FD5A2775-DABF-45E4-8C4A-5E2FFB8275C2}.Debug|Any CPU.ActiveCfg = Debug|Any CPU
		{FD5A2775-DABF-45E4-8C4A-5E2FFB8275C2}.Debug|Any CPU.Build.0 = Debug|Any CPU
		{FD5A2775-DABF-45E4-8C4A-5E2FFB8275C2}.Release|Any CPU.ActiveCfg = Release|Any CPU
		{FD5A2775-DABF-45E4-8C4A-5E2FFB8275C2}.Release|Any CPU.Build.0 = Release|Any CPU
		{898AD187-B5BE-4D81-9A1A-3467BE9A7C52}.Debug|Any CPU.ActiveCfg = Debug|Any CPU
		{898AD187-B5BE-4D81-9A1A-3467BE9A7C52}.Debug|Any CPU.Build.0 = Debug|Any CPU
		{898AD187-B5BE-4D81-9A1A-3467BE9A7C52}.Release|Any CPU.ActiveCfg = Release|Any CPU
		{898AD187-B5BE-4D81-9A1A-3467BE9A7C52}.Release|Any CPU.Build.0 = Release|Any CPU
		{7599AE27-6931-4AD7-B106-884C1810C4D3}.Debug|Any CPU.ActiveCfg = Debug|Any CPU
		{7599AE27-6931-4AD7-B106-884C1810C4D3}.Debug|Any CPU.Build.0 = Debug|Any CPU
		{7599AE27-6931-4AD7-B106-884C1810C4D3}.Release|Any CPU.ActiveCfg = Release|Any CPU
		{7599AE27-6931-4AD7-B106-884C1810C4D3}.Release|Any CPU.Build.0 = Release|Any CPU
	EndGlobalSection
	GlobalSection(SolutionProperties) = preSolution
		HideSolutionNode = FALSE
	EndGlobalSection
	GlobalSection(NestedProjects) = preSolution
		{C89FD02A-4265-4088-AB8F-CCEC04B438DC} = {D2E62BE3-63E2-4216-A029-A9A95688BC58}
		{AEC87C62-30CF-4078-9E39-DBC1C0B98B92} = {D2E62BE3-63E2-4216-A029-A9A95688BC58}
		{AC7C8F62-E473-4409-98F3-4F50DC8847C4} = {D2E62BE3-63E2-4216-A029-A9A95688BC58}
		{96B27F0E-0DDD-499D-A23D-7DF615D972D2} = {D2E62BE3-63E2-4216-A029-A9A95688BC58}
		{CF75420C-2DED-456A-A437-956DE7D6C116} = {D2E62BE3-63E2-4216-A029-A9A95688BC58}
		{A82AD84D-4D43-4C04-99EF-C15C422FE688} = {D2E62BE3-63E2-4216-A029-A9A95688BC58}
		{72B8EA21-0BBD-479D-8ABD-07C55653E05C} = {12C74291-679A-45C8-B8E5-A00EF9BFCD30}
		{325B20E2-947F-49A3-985E-650C3662E7DF} = {12C74291-679A-45C8-B8E5-A00EF9BFCD30}
		{4C984561-2760-4D73-9D42-49DADAC6CE5F} = {12C74291-679A-45C8-B8E5-A00EF9BFCD30}
		{D23E232E-A786-48AC-9C8A-AE3ECAF7869E} = {12C74291-679A-45C8-B8E5-A00EF9BFCD30}
		{F46D3600-F74D-457E-AF69-7676E59FF54E} = {12C74291-679A-45C8-B8E5-A00EF9BFCD30}
		{380EE070-9A4B-4327-9E00-6A6E027D359E} = {12C74291-679A-45C8-B8E5-A00EF9BFCD30}
		{2407D44F-1E92-4FED-BBD2-160879460066} = {12C74291-679A-45C8-B8E5-A00EF9BFCD30}
		{FD5A2775-DABF-45E4-8C4A-5E2FFB8275C2} = {12C74291-679A-45C8-B8E5-A00EF9BFCD30}
		{898AD187-B5BE-4D81-9A1A-3467BE9A7C52} = {12C74291-679A-45C8-B8E5-A00EF9BFCD30}
		{7599AE27-6931-4AD7-B106-884C1810C4D3} = {12C74291-679A-45C8-B8E5-A00EF9BFCD30}
	EndGlobalSection
EndGlobal
