
Microsoft Visual Studio Solution File, Format Version 12.00
# Visual Studio 14
VisualStudioVersion = 14.0.24720.0
MinimumVisualStudioVersion = 10.0.40219.1
Project("{FAE04EC0-301F-11D3-BF4B-00C04F79EFBC}") = "DungeonLizzardsWarStart", "DungeonLizzardsWarStart\DungeonLizzardsWarStart.csproj", "{E6740DA9-3DF7-4744-A7FD-08C819E72DAD}"
EndProject
Project("{FAE04EC0-301F-11D3-BF4B-00C04F79EFBC}") = "DungeonsAndLizards.Models", "..\DungeonsAndLizards.Models\DungeonsAndLizards.Models.csproj", "{D5070A81-D277-4FF1-ADC6-9A1B6674A393}"
EndProject
Global
	GlobalSection(SolutionConfigurationPlatforms) = preSolution
		Debug|Any CPU = Debug|Any CPU
		Release|Any CPU = Release|Any CPU
	EndGlobalSection
	GlobalSection(ProjectConfigurationPlatforms) = postSolution
		{E6740DA9-3DF7-4744-A7FD-08C819E72DAD}.Debug|Any CPU.ActiveCfg = Debug|Any CPU
		{E6740DA9-3DF7-4744-A7FD-08C819E72DAD}.Debug|Any CPU.Build.0 = Debug|Any CPU
		{E6740DA9-3DF7-4744-A7FD-08C819E72DAD}.Release|Any CPU.ActiveCfg = Release|Any CPU
		{E6740DA9-3DF7-4744-A7FD-08C819E72DAD}.Release|Any CPU.Build.0 = Release|Any CPU
		{D5070A81-D277-4FF1-ADC6-9A1B6674A393}.Debug|Any CPU.ActiveCfg = Debug|Any CPU
		{D5070A81-D277-4FF1-ADC6-9A1B6674A393}.Debug|Any CPU.Build.0 = Debug|Any CPU
		{D5070A81-D277-4FF1-ADC6-9A1B6674A393}.Release|Any CPU.ActiveCfg = Release|Any CPU
		{D5070A81-D277-4FF1-ADC6-9A1B6674A393}.Release|Any CPU.Build.0 = Release|Any CPU
	EndGlobalSection
	GlobalSection(SolutionProperties) = preSolution
		HideSolutionNode = FALSE
	EndGlobalSection
EndGlobal
