
Microsoft Visual Studio Solution File, Format Version 12.00
# Visual Studio 14
VisualStudioVersion = 14.0.24720.0
MinimumVisualStudioVersion = 10.0.40219.1
Project("{FAE04EC0-301F-11D3-BF4B-00C04F79EFBC}") = "LINQLib", "LINQLib\LINQLib.csproj", "{FCD4F80E-B964-43A6-8B9C-F3E6F37D2843}"
EndProject
Project("{FAE04EC0-301F-11D3-BF4B-00C04F79EFBC}") = "LinqApp", "LinqApp\LinqApp.csproj", "{DA441414-2EA6-464A-83FA-53561EAD0C83}"
EndProject
Global
	GlobalSection(SolutionConfigurationPlatforms) = preSolution
		Debug|Any CPU = Debug|Any CPU
		Release|Any CPU = Release|Any CPU
	EndGlobalSection
	GlobalSection(ProjectConfigurationPlatforms) = postSolution
		{FCD4F80E-B964-43A6-8B9C-F3E6F37D2843}.Debug|Any CPU.ActiveCfg = Debug|Any CPU
		{FCD4F80E-B964-43A6-8B9C-F3E6F37D2843}.Debug|Any CPU.Build.0 = Debug|Any CPU
		{FCD4F80E-B964-43A6-8B9C-F3E6F37D2843}.Release|Any CPU.ActiveCfg = Release|Any CPU
		{FCD4F80E-B964-43A6-8B9C-F3E6F37D2843}.Release|Any CPU.Build.0 = Release|Any CPU
		{DA441414-2EA6-464A-83FA-53561EAD0C83}.Debug|Any CPU.ActiveCfg = Debug|Any CPU
		{DA441414-2EA6-464A-83FA-53561EAD0C83}.Debug|Any CPU.Build.0 = Debug|Any CPU
		{DA441414-2EA6-464A-83FA-53561EAD0C83}.Release|Any CPU.ActiveCfg = Release|Any CPU
		{DA441414-2EA6-464A-83FA-53561EAD0C83}.Release|Any CPU.Build.0 = Release|Any CPU
	EndGlobalSection
	GlobalSection(SolutionProperties) = preSolution
		HideSolutionNode = FALSE
	EndGlobalSection
EndGlobal
